
Microsoft Visual Studio Solution File, Format Version 12.00
# Visual Studio Version 17
VisualStudioVersion = 17.4.33103.184
MinimumVisualStudioVersion = 10.0.40219.1
Project("{FAE04EC0-301F-11D3-BF4B-00C04F79EFBC}") = "HomeWorkday1_EX4", "HomeWorkday1_EX4\HomeWorkday1_EX4.csproj", "{23177BA1-36E3-408B-BDB8-EE5C9C444ECE}"
EndProject
Global
	GlobalSection(SolutionConfigurationPlatforms) = preSolution
		Debug|Any CPU = Debug|Any CPU
		Release|Any CPU = Release|Any CPU
	EndGlobalSection
	GlobalSection(ProjectConfigurationPlatforms) = postSolution
		{23177BA1-36E3-408B-BDB8-EE5C9C444ECE}.Debug|Any CPU.ActiveCfg = Debug|Any CPU
		{23177BA1-36E3-408B-BDB8-EE5C9C444ECE}.Debug|Any CPU.Build.0 = Debug|Any CPU
		{23177BA1-36E3-408B-BDB8-EE5C9C444ECE}.Release|Any CPU.ActiveCfg = Release|Any CPU
		{23177BA1-36E3-408B-BDB8-EE5C9C444ECE}.Release|Any CPU.Build.0 = Release|Any CPU
	EndGlobalSection
	GlobalSection(SolutionProperties) = preSolution
		HideSolutionNode = FALSE
	EndGlobalSection
	GlobalSection(ExtensibilityGlobals) = postSolution
		SolutionGuid = {D464D836-662C-4FB2-AE6D-EA2BADC40049}
	EndGlobalSection
EndGlobal
