
Microsoft Visual Studio Solution File, Format Version 12.00
# Visual Studio Version 17
VisualStudioVersion = 17.4.33103.184
MinimumVisualStudioVersion = 10.0.40219.1
Project("{FAE04EC0-301F-11D3-BF4B-00C04F79EFBC}") = "bai1-day1", "bai1-day1\bai1-day1.csproj", "{75BBDD52-CD2B-4653-9533-5318F102D3C4}"
EndProject
Global
	GlobalSection(SolutionConfigurationPlatforms) = preSolution
		Debug|Any CPU = Debug|Any CPU
		Release|Any CPU = Release|Any CPU
	EndGlobalSection
	GlobalSection(ProjectConfigurationPlatforms) = postSolution
		{75BBDD52-CD2B-4653-9533-5318F102D3C4}.Debug|Any CPU.ActiveCfg = Debug|Any CPU
		{75BBDD52-CD2B-4653-9533-5318F102D3C4}.Debug|Any CPU.Build.0 = Debug|Any CPU
		{75BBDD52-CD2B-4653-9533-5318F102D3C4}.Release|Any CPU.ActiveCfg = Release|Any CPU
		{75BBDD52-CD2B-4653-9533-5318F102D3C4}.Release|Any CPU.Build.0 = Release|Any CPU
	EndGlobalSection
	GlobalSection(SolutionProperties) = preSolution
		HideSolutionNode = FALSE
	EndGlobalSection
	GlobalSection(ExtensibilityGlobals) = postSolution
		SolutionGuid = {3C7D3F25-0029-4687-A1BE-0F1725FF6232}
	EndGlobalSection
EndGlobal
